
Microsoft Visual Studio Solution File, Format Version 12.00
# Visual Studio 2013
VisualStudioVersion = 12.0.21005.1
MinimumVisualStudioVersion = 10.0.40219.1
Project("{FAE04EC0-301F-11D3-BF4B-00C04F79EFBC}") = "Inventory_Location", "Inventory_Location\Inventory_Location.csproj", "{5C65ECEF-A654-40F9-B86B-5BE2F51AABC1}"
EndProject
Project("{FAE04EC0-301F-11D3-BF4B-00C04F79EFBC}") = "Inventory_Security", "Inventory_Security\Inventory_Security.csproj", "{B03C1591-78EF-43E5-A120-0757F021D3E1}"
EndProject
Project("{FAE04EC0-301F-11D3-BF4B-00C04F79EFBC}") = "InventoryContext", "InventoryContext\InventoryContext.csproj", "{3B3F2AD9-CF09-400E-9DDA-98033F71ACC3}"
EndProject
Project("{FAE04EC0-301F-11D3-BF4B-00C04F79EFBC}") = "InventoryDataService", "InventoryDataService\InventoryDataService.csproj", "{5EEAF4D1-F114-4052-A16A-2A915B496A40}"
EndProject
Project("{FAE04EC0-301F-11D3-BF4B-00C04F79EFBC}") = "InventoryInterface", "InventoryInterface\InventoryInterface.csproj", "{D43D6EAD-35ED-453F-AC1B-C1ED337F78A0}"
EndProject
Project("{FAE04EC0-301F-11D3-BF4B-00C04F79EFBC}") = "InventoryModel", "InventoryModel\InventoryModel.csproj", "{BBE53914-B121-4251-A7AB-D3F18DF1CFB0}"
EndProject
Global
	GlobalSection(SolutionConfigurationPlatforms) = preSolution
		Debug|Any CPU = Debug|Any CPU
		Release|Any CPU = Release|Any CPU
	EndGlobalSection
	GlobalSection(ProjectConfigurationPlatforms) = postSolution
		{5C65ECEF-A654-40F9-B86B-5BE2F51AABC1}.Debug|Any CPU.ActiveCfg = Debug|Any CPU
		{5C65ECEF-A654-40F9-B86B-5BE2F51AABC1}.Debug|Any CPU.Build.0 = Debug|Any CPU
		{5C65ECEF-A654-40F9-B86B-5BE2F51AABC1}.Release|Any CPU.ActiveCfg = Release|Any CPU
		{5C65ECEF-A654-40F9-B86B-5BE2F51AABC1}.Release|Any CPU.Build.0 = Release|Any CPU
		{B03C1591-78EF-43E5-A120-0757F021D3E1}.Debug|Any CPU.ActiveCfg = Debug|Any CPU
		{B03C1591-78EF-43E5-A120-0757F021D3E1}.Debug|Any CPU.Build.0 = Debug|Any CPU
		{B03C1591-78EF-43E5-A120-0757F021D3E1}.Release|Any CPU.ActiveCfg = Release|Any CPU
		{B03C1591-78EF-43E5-A120-0757F021D3E1}.Release|Any CPU.Build.0 = Release|Any CPU
		{3B3F2AD9-CF09-400E-9DDA-98033F71ACC3}.Debug|Any CPU.ActiveCfg = Debug|Any CPU
		{3B3F2AD9-CF09-400E-9DDA-98033F71ACC3}.Debug|Any CPU.Build.0 = Debug|Any CPU
		{3B3F2AD9-CF09-400E-9DDA-98033F71ACC3}.Release|Any CPU.ActiveCfg = Release|Any CPU
		{3B3F2AD9-CF09-400E-9DDA-98033F71ACC3}.Release|Any CPU.Build.0 = Release|Any CPU
		{5EEAF4D1-F114-4052-A16A-2A915B496A40}.Debug|Any CPU.ActiveCfg = Debug|Any CPU
		{5EEAF4D1-F114-4052-A16A-2A915B496A40}.Debug|Any CPU.Build.0 = Debug|Any CPU
		{5EEAF4D1-F114-4052-A16A-2A915B496A40}.Release|Any CPU.ActiveCfg = Release|Any CPU
		{5EEAF4D1-F114-4052-A16A-2A915B496A40}.Release|Any CPU.Build.0 = Release|Any CPU
		{D43D6EAD-35ED-453F-AC1B-C1ED337F78A0}.Debug|Any CPU.ActiveCfg = Debug|Any CPU
		{D43D6EAD-35ED-453F-AC1B-C1ED337F78A0}.Debug|Any CPU.Build.0 = Debug|Any CPU
		{D43D6EAD-35ED-453F-AC1B-C1ED337F78A0}.Release|Any CPU.ActiveCfg = Release|Any CPU
		{D43D6EAD-35ED-453F-AC1B-C1ED337F78A0}.Release|Any CPU.Build.0 = Release|Any CPU
		{BBE53914-B121-4251-A7AB-D3F18DF1CFB0}.Debug|Any CPU.ActiveCfg = Debug|Any CPU
		{BBE53914-B121-4251-A7AB-D3F18DF1CFB0}.Debug|Any CPU.Build.0 = Debug|Any CPU
		{BBE53914-B121-4251-A7AB-D3F18DF1CFB0}.Release|Any CPU.ActiveCfg = Release|Any CPU
		{BBE53914-B121-4251-A7AB-D3F18DF1CFB0}.Release|Any CPU.Build.0 = Release|Any CPU
	EndGlobalSection
	GlobalSection(SolutionProperties) = preSolution
		HideSolutionNode = FALSE
	EndGlobalSection
EndGlobal
